version: 1
files:
  src/locales/en.ts:
    language.title: 3a08e2e340ab29fd9263af48193cbf8e
    language.description: 4860788282986eddb5f781b958eec2a2
    language.placeholder: 653777801f96237326d65205bc9129e3
    languages.en: 78463a384a5aa4fad5fa73e2f506ecfc
    languages.es: cb5480c32e71778852b08ae1e8712775
    languages.fr: ad225f707802ba118c22987186dd38e8
    languages.no: da550ca06bcacbd30b7c6ed32c864c70
    languages.pt: 30e32c7c4cf434e9c75e60c14c442541
    common.frequency.daily: c512b685438f41daa7386329a3b8f8d3
    common.frequency.weekly: 6c25e6a6da95b3d583c6ec4c3f82ed4d
    common.frequency.monthly: 9030e39f00132d583da4122532e509e9
    common.frequency.quarterly: be92c62702dcec6751c101b5adb0ce3b
    common.frequency.yearly: cf5ea7953dc47105e0eb179dbefaaf46
    common.notifications.inbox: 3882d32c66e7e768145ecd8f104b0c08
    common.notifications.archive: e727b00944f81e1d0a95c12886ac4641
    common.notifications.archive_all: 449e2fbab2a05e2f9f3cc1717f58eee0
    common.notifications.no_notifications: bb76b111a28211312083c68b2efabae7
    common.actions.save: c9cc8cce247e49bae79f15173ce97354
    common.actions.edit: 7dce122004969d56ae2e0245cb754d35
    common.actions.delete: f2a6c498fb90ee345d997f888fce3b18
    common.actions.cancel: ea4788705e6873b424c65e91c2846b19
    common.actions.clear: dc30bc0c7914db5918da4263fce93ad2
    common.actions.create: 686e697538050e4664636337cc3b834f
    common.actions.addNew: de9ced9bf5e9829de4a93ad8c9d7a170
    common.actions.send: 94966d90747b97d1f0f206c98a8b1ac3
    common.actions.return: 988fd738de9c6d177440c5dcf69e73ce
    common.actions.success: 505a83f220c02df2f85c3810cd9ceb38
    common.actions.error: 902b0d55fddef6f8d651fe1035b7d4bd
    common.actions.next: 10ac3d04253ef7e1ddc73e6091c0cd55
    common.actions.complete: ae94f80b3ce82062a5dd7815daa04f9d
    common.assignee.label: 780f85493892dc48b674ac9da8974133
    common.assignee.placeholder: 21931e5effc3e51b161a8cd1ad9553b4
    common.date.pick: 2badfa8fae80a36f4e2d4ee833e26d8c
    common.date.due_date: 14c841eea7774b78caf79c58989f9625
    common.status.open: c3bf447eabe632720a3aa1a7ce401274
    common.status.pending: 2d13df6f8b5e4c5af9f87e0dc39df69d
    common.status.closed: 03f4a47830f97377a35321051685071e
    common.status.archived: 7d69b3cb4cada18ae61811304f8fbcb5
    common.status.compliant: 952358fc53c0167a1ea7354f338ed5af
    common.status.non_compliant: a0ecb19f7c90c0d5c1e919aec4d33aac
    common.status.not_started: 10db56f8b10dc989c43fbe33202e5339
    common.status.in_progress: c9413dd7682a45da9ecc9efa8cea47d7
    common.status.published: 9b9d8a976b42e0bd66381797644943d5
    common.status.needs_review: 994f197b212a0f4dc844cc3534e889c2
    common.status.draft: f03ab16cd58372c77ba45a3d9a5a1cb9
    common.status.not_assessed: 1a261b378451a287de3a8fbbb6f2a376
    common.status.assessed: 2c051fa737a0d6c7274f4508448b7f8a
    common.status.active: 4d3d769b812b6faa6b76e1a8abaece2d
    common.status.inactive: 3cab03c00dbd11bc3569afa0748013f0
    common.status.title: ec53a8c4f07baed5d8825072c89799be
    common.filters.clear: 0b275442d6556cff30b75f37f1918899
    common.filters.search: 2a37324bb4c331c859044121df3f576b
    common.filters.status: ec53a8c4f07baed5d8825072c89799be
    common.filters.department: 1d17cb9923b99f823da9f5a16dc460e5
    common.filters.owner.label: 780f85493892dc48b674ac9da8974133
    common.filters.owner.placeholder: 40f417d9ebe868b7aa1e61f27775a03e
    common.table.title: b78a3223503896721cca1303f776159b
    common.table.status: ec53a8c4f07baed5d8825072c89799be
    common.table.assigned_to: 0056a7841e032922f086add6ff46bdf7
    common.table.due_date: 14c841eea7774b78caf79c58989f9625
    common.table.last_updated: 4221d3e17c6eca2ca6337251a3cf9c4e
    common.table.no_results: e576c23d915755d83e2d1f47bd9f6c22
    common.empty_states.no_results.title: e576c23d915755d83e2d1f47bd9f6c22
    common.empty_states.no_results.title_tasks: 8edbb9c85d4b7cce148cb9a886dc1213
    common.empty_states.no_results.title_risks: 20c62e3370120c70750d361567eacc26
    common.empty_states.no_results.description: 3d7c5718545b591caa83edfd8d5f42b0
    common.empty_states.no_results.description_filters: 3d7c5718545b591caa83edfd8d5f42b0
    common.empty_states.no_results.description_no_tasks: f3353fd1d22393a3e418424c9b2a27a9
    common.empty_states.no_results.description_no_risks: 88e49457bb65cb2668438d440241db25
    common.empty_states.no_items.title: 5ece607071fe59ddc4c88dc6abfe2310
    common.empty_states.no_items.description: a591e2d56600c3fb2f2faeed5d770622
    common.pagination.of: 8bf8854bebe108183caeb845c7676ae4
    common.pagination.items_per_page: aaaa3c0a0086a0eedaf3350d3cfe92c1
    common.pagination.rows_per_page: 3995e76cfbc85dea7472c8a1aa627244
    common.pagination.page_x_of_y: 6208c273bcbf684c7714e0667608aa88
    common.pagination.go_to_first_page: e987e3128b4e18b03c5a22b0b0e9167a
    common.pagination.go_to_previous_page: bbaeea4b59d37bd6e0927044f9a00047
    common.pagination.go_to_next_page: 406b6936d95a8acd48be844ec706e22c
    common.pagination.go_to_last_page: 261e818736ac3798b888949dd433e318
    common.comments.title: 8413c683b4b27cc3f4dbd4c90329d8ba
    common.comments.description: 08359c42a550b6de768196bb7a57572e
    common.comments.add: 73da8a9e52c10215e474553f4266c277
    common.comments.new: 73da8a9e52c10215e474553f4266c277
    common.comments.save: b665daa2bba746f14cfd89ff7da8d5e5
    common.comments.success: eb493b3987aa6dab3977b22ce64394aa
    common.comments.error: 736e866635076789f50e49f6afad6b4a
    common.comments.placeholder: dc11131e02964ba21e7418a386add056
    common.comments.empty.title: f3a648d591b6c76efb96f7a77071d23c
    common.comments.empty.description: 0a0df874a9a6b1f3b710b48f10bcd494
    common.upload.fileUpload.uploadingText: f2870421907fa4e9e9c6fbe349234ecf
    common.upload.fileUpload.uploadingFile: 5d8792ec4500487cd04d588e4dabd830
    common.upload.fileUpload.dropFileHere: 8ea866b321e27837bd677bd711f20020
    common.upload.fileUpload.dropFileHereAlt: 8ea866b321e27837bd677bd711f20020
    common.upload.fileUpload.releaseToUpload: 71611d0ba234b4775232cd78dd6ba086
    common.upload.fileUpload.addFiles: 5f4514405d9574e7b2b4c6c16573c5ca
    common.upload.fileUpload.uploadAdditionalEvidence: 46b0e2e3da5518086b9a39ecea20507a
    common.upload.fileUpload.dragDropOrClick: 91ccb262f46331f20a9a3e44f0392703
    common.upload.fileUpload.dragDropOrClickToSelect: 9ffee77fccb7b4804451d4a20f078240
    common.upload.fileUpload.maxFileSize: 54f591179ba34ce8d3eb9d941a56878a
    common.upload.fileUrl.additionalLinks: 93823085d6dc9b7eba33ee74ca7ff786
    common.upload.fileUrl.add: ec211f7c20af43e742bf2570c3cb84f9
    common.upload.fileUrl.linksAdded: de53b2e4348255782648fe8c449c4db6
    common.upload.fileUrl.enterUrl: e1f70f4a4265cb51c1b219aa60eaa441
    common.upload.fileUrl.addAnotherLink: d53fe8cfe74a5ec2e99bf0dca0e5327f
    common.upload.fileUrl.saveLinks: d7fa2bfcc59f0361b9445d7808ac4675
    common.upload.fileUrl.urlBadge: e6b391a8d2c4d45902a23a8b6585703d
    common.upload.fileUrl.copyLink: 78fc13f46174a57416493b60e99777c7
    common.upload.fileUrl.openLink: ff161e0db9bfff8b46662512b662b5e3
    common.upload.fileUrl.deleteLink: d008a25cd6325ee1fbd11e43225ece3d
    common.upload.fileCard.preview: 31fde7b05ac8952dacf4af8a704074ec
    common.upload.fileCard.filePreview: 2f9e2860469a0a7176e029379ffb772b
    common.upload.fileCard.previewNotAvailable: e6b101b4b3bfa818b2d1e351e4f08112
    common.upload.fileCard.openFile: 6dbd6898da5ec262f46c9a3ecf1f9fe4
    common.upload.fileCard.deleteFile: 7d1e2483f22443e6aa5e0c3212fc312a
    common.upload.fileCard.deleteFileConfirmTitle: 7d1e2483f22443e6aa5e0c3212fc312a
    common.upload.fileCard.deleteFileConfirmDescription: cdcf3ab5d2a2177da6d02ccf32bbc76d
    common.upload.fileSection.filesUploaded: 3031c6bab57d63c21aad3d1aeffda1a4
    common.attachments.title: 7e2708aeb65763c54052f57ed1a1ec1d
    common.attachments.description: b8f87f50e2e7eb3a7e67cd28395428d1
    common.attachments.upload: 18924edc9e6a8120618ae1f429332b16
    common.attachments.upload_description: 91475bf0f0e5ecf5315b4c96fa9c6367
    common.attachments.drop: 74ea35329104cad8e805ffa86e613cfb
    common.attachments.drop_description: b97d68051d1914fd89cbab928a6277bd
    common.attachments.drop_files_description: 72d020376981e4260e91c99c8ad0a576
    common.attachments.empty.title: c4f38f80a0d6824916df985cb97c13c2
    common.attachments.empty.description: b8f87f50e2e7eb3a7e67cd28395428d1
    common.attachments.toasts.error: 9e78ff392dee43a6c78a8c4e29ff4dc2
    common.attachments.toasts.error_uploading_files: 0ce4e97491f9ec754c873777f060b94f
    common.attachments.toasts.error_uploading_files_multiple: 25feb6bad088f953ac42d7b2d643f2c8
    common.attachments.toasts.error_no_files_selected: 0d3c324c094a82a004ccc03a2caf90ae
    common.attachments.toasts.error_file_rejected: b2b300d579afddcee1ca89adc18ce422
    common.attachments.toasts.error_failed_to_upload_files: 45fabec46ef79d7a7d140c5238e5d99c
    common.attachments.toasts.error_failed_to_upload_files_multiple: 45fabec46ef79d7a7d140c5238e5d99c
    common.attachments.toasts.error_failed_to_upload_files_single: d831d180862fc4b9c2bb734c2f722461
    common.attachments.toasts.success_uploading_files: aa464b4f6882ac902a9cbf01c04aaec6
    common.attachments.toasts.success_uploading_files_multiple: aa464b4f6882ac902a9cbf01c04aaec6
    common.attachments.toasts.success_uploading_files_single: 40070e1f0867f97db0fa33039fae2063
    common.attachments.toasts.success_uploading_files_target: 293fc6e4068205eefc9df77baa941b5f
    common.attachments.toasts.uploading_files: a538c6cacc535cf165533cc65510248f
    common.attachments.toasts.remove_file: b21f085d08623fc7a5a9da204cc66c8c
    common.edit: 7dce122004969d56ae2e0245cb754d35
    common.errors.unexpected_error: 9789e322478c6f2d59e93d020808642a
    common.description: b5a7adde1af5c87d7fd797b6245c2a39
    common.last_updated: 4221d3e17c6eca2ca6337251a3cf9c4e
    header.discord.button: 1d403edd5e9a373b882ebba790de6f05
    header.feedback.button: bea4c2c8eb82d05891ddd71584881b56
    header.feedback.title: d62968e1245fc470aa53ae9e5646215a
    header.feedback.description: ae302ed9b4b7788323017c960c96e1b7
    header.feedback.placeholder: ccc39ab05feae98c0ed3755ea75aa6ac
    header.feedback.success: d62968e1245fc470aa53ae9e5646215a
    header.feedback.error: 4c55f18f5736e288cb2ef4ba40193589
    header.feedback.send: 6f97affc01668e2b1d9bb6175e012d83
    not_found.title: 2278b18b76bf7efe94add9898a319e3b
    not_found.description: b321d61a0e8fe08a8065e04c5ba0755d
    not_found.return: 6c2673fcfc773430b4ad7e03fbfe5e04
    theme.options.light: 9914a0ce04a7b7b6a8e39bec55064b82
    theme.options.dark: a18366b217ebf811ad1886e4f4f865b2
    theme.options.system: a45da96d0bf6575970f2d27af22be28a
    sidebar.overview: 3b878279a04dc47d60932cb294d96259
    sidebar.policies: 9e476387322a5c250893cf9c5c4ce78c
    sidebar.risk: 7228bb53bb7855d458965d2f15fc6cd7
    sidebar.vendors: dfcc5efe778e6340336015dc02617922
    sidebar.integrations: e01aecb528730f3bfe10f9d57f1317bf
    sidebar.settings: f4f70727dc34561dfde1a3c529b6205c
    sidebar.evidence: 63b1eb1a39194d82271ec937fba19714
    sidebar.people: 78386ec8f2845742c324a3d7d3e800ff
    sidebar.tests: 107f3983ed2f362df6195c163001fe7b
    sub_pages.evidence.title: c7b2a4d55fbea4d044644cf5b2b45d29
    sub_pages.evidence.list: d2b5512c16318cc8738eff7dbe7de9ca
    sub_pages.evidence.overview: 376eeb70e956ecef2611d88a28269c5b
    sub_pages.risk.overview: 7228bb53bb7855d458965d2f15fc6cd7
    sub_pages.risk.register: e4c28136d96146bd5fe9dfe41214138c
    sub_pages.risk.risk_overview: 5226ebb7d548f2d3a8f8c4fd08851405
    sub_pages.risk.risk_comments: 354f3f4ded9791cb5e60cbef67f544a8
    sub_pages.risk.tasks.task_overview: d5a893e5bfa69efefb2667f8e7ec600c
    sub_pages.policies.all: 4992678c2f629035e5c3bcde296b596a
    sub_pages.policies.editor: e2c974366aff19ed493a501108cbf948
    sub_pages.policies.policy_details: 8178fb068d06b0f32a7b0103e832b231
    sub_pages.people.all: 78386ec8f2845742c324a3d7d3e800ff
    sub_pages.people.employee_details: 62fa24399196c3b1bcb1cf2cdf771da4
    sub_pages.settings.members: 8196446d7293bfeb288d7c21e36a1886
    sub_pages.frameworks.overview: 04fb5df59766a9852e5dd2d0430ca27e
    auth.title: 4b33d501b99fef8f85f32b942fcd0b1f
    auth.description: 1fd4b045f6d46683c611e45b8de4bcf6
    auth.options: 4dab36ac83853282fc0d7bae20c19e90
    auth.google: a7f3dfc629e5a526d9d85a9feb574b0e
    auth.email.description: 7f031c366f949ea465783e938f80f502
    auth.email.placeholder: 0a7e62bed14b39cf005db653e04fb3b3
    auth.email.button: 3bc7d6ea2fba554132c7b9650c764c91
    auth.email.magic_link_sent: 110748a3ce0c0da299c2c432e575fc73
    auth.email.magic_link_description: 5344fb66f0ffc2779b5cdc7a2bcfacc6
    auth.email.magic_link_try_again: 3eee5af66b8ebba3c4db32a3dd17c2d2
    auth.email.success: e68bdc84bc988f4022337c3af077ba5a
    auth.email.error: ed239af1d84d25fd9bb99251114b488c
    auth.terms: bb73614638d9a468c878278692a71a5e
    onboarding.title: deecac09e6560d6f0f98401d9852d514
    onboarding.setup: ad2376beebecdcf7846ba973fa1a005b
    onboarding.description: 7cd2a7692cfacbbea2045f2e6416b805
    onboarding.fields.fullName.label: 614cffa523202658a898e34a5d94d05e
    onboarding.fields.fullName.placeholder: df1fc96e5401396fe01e24363a9ec40d
    onboarding.fields.name.label: c1ca926603dc454ba981aa514db8402b
    onboarding.fields.name.placeholder: 0ad99cd46646d542668f0f40ab982477
    onboarding.fields.subdomain.label: beed05bccb8b6f21466910eb4a4f142b
    onboarding.fields.subdomain.placeholder: 1a79a4d60de6718e8e5b326e338ae533
    onboarding.fields.website.label: 15bbb9d0bbf25e8d2978de1168c749dc
    onboarding.fields.website.placeholder: 4ebd8773cbf5dc2531d6b28b6fe32a26
    onboarding.success: 13ff66cec7127e895b2e463771341c13
    onboarding.error: 9e78ff392dee43a6c78a8c4e29ff4dc2
    onboarding.check_availability: 118740af1c4521b917e29791d661db82
    onboarding.available: 78945de8de090e90045d299651a68a9b
    onboarding.unavailable: 453e6aa38d87b28ccae545967c53004f
    overview.title: 3b878279a04dc47d60932cb294d96259
    overview.framework_chart.title: 9c53d5a3379ee2c9bc7c1c55f54724b9
    overview.requirement_chart.title: 69d9304854b767112e32573d7eeddc24
    policies.dashboard.title: 2938c7f7e560ed972f8a4f68e80ff834
    policies.dashboard.all: 4992678c2f629035e5c3bcde296b596a
    policies.dashboard.policy_status: 62bd1c8670133f413764396fbb6fb915
    policies.dashboard.policies_by_assignee: 78a5313bf44384663f9ddf1253a26d02
    policies.dashboard.policies_by_framework: b6c2212b46c6baa166b653aae7d5b014
    policies.dashboard.sub_pages.overview: 3b878279a04dc47d60932cb294d96259
    policies.dashboard.sub_pages.edit_policy: 49f0aa41a6a6350d9888573e1435281d
    policies.overview.title: 70969d63756e17e0a4fff52300b4f2ae
    policies.overview.form.update_policy: 7de565d9eb96fe141ef7482d77bdb4c7
    policies.overview.form.update_policy_description: 7b66e59bef3e4d699fc4569c01c18366
    policies.overview.form.update_policy_success: 9e251bb8955d7db5e5935856c11798ab
    policies.overview.form.update_policy_error: a287c230191e50a5c67ccc27696a8c6c
    policies.overview.form.update_policy_title: 002f7378a5fcfc2f66cfea851a7fd5f4
    policies.overview.form.review_frequency: 54a9e105043639a3c97397b407aa8367
    policies.overview.form.review_frequency_placeholder: e15b23026dcebfa15a44f21070396880
    policies.overview.form.review_date: 43629fb18eed3c436735459e66be4225
    policies.overview.form.review_date_placeholder: c57e1d47519b366741cb8cb65cc0a51d
    policies.overview.form.required_to_sign: 2e12edca902651327b394f4765a28d0a
    policies.overview.form.signature_required: f73e9ae6dcd2d73f04db9a4c5b9a053d
    policies.overview.form.signature_not_required: 55abefe222df069df1dd008e45614832
    policies.overview.form.signature_requirement: 1841e3cd80cda4b097bcf4891c76c8da
    policies.overview.form.signature_requirement_placeholder: cc5fbf3cb132bc8fa226997c1834d3a9
    policies.table.name: 002f7378a5fcfc2f66cfea851a7fd5f4
    policies.table.statuses.draft: f03ab16cd58372c77ba45a3d9a5a1cb9
    policies.table.statuses.published: 9b9d8a976b42e0bd66381797644943d5
    policies.table.statuses.archived: 7d69b3cb4cada18ae61811304f8fbcb5
    policies.table.filters.owner.label: 780f85493892dc48b674ac9da8974133
    policies.table.filters.owner.placeholder: 40f417d9ebe868b7aa1e61f27775a03e
    policies.filters.search: 417253920390e1fdb5f07216a44d61c7
    policies.filters.all: 4992678c2f629035e5c3bcde296b596a
    policies.status.draft: f03ab16cd58372c77ba45a3d9a5a1cb9
    policies.status.published: 9b9d8a976b42e0bd66381797644943d5
    policies.status.needs_review: 994f197b212a0f4dc844cc3534e889c2
    policies.status.archived: 7d69b3cb4cada18ae61811304f8fbcb5
    policies.policies: 94422fa6b0fe23d0ab463703c0022a63
    policies.title: 9e476387322a5c250893cf9c5c4ce78c
    policies.create_new: 5ff074c18e92b64ab9bad69c28267285
    policies.search_placeholder: 417253920390e1fdb5f07216a44d61c7
    policies.status_filter: 5dd5cd6670a0fc8e47a47aa94d27b8b2
    policies.all_statuses: 96e3d398260724e0a83da53a2e9f20e7
    policies.no_policies_title: 329794e590e4bbc42f2f5ae965a8ba9f
    policies.no_policies_description: c6800f5122f4ff305c7923edebca30be
    policies.create_first: 6d12b685797010c6f339f916c7c87adb
    policies.no_description: 64edba81920f6b19c899f22f474e03d1
    policies.last_updated: d4f9ce5adf5b871e10882a482927aa55
    policies.save: c9cc8cce247e49bae79f15173ce97354
    policies.saving: 575f5f86d2c7ea113c6710c1037c4465
    policies.saved_success: 32ecb65fc52361d4131583219aee82ed
    policies.saved_error: 07daa040d0eb0ae927dc05af1b6f3747
    evidence_tasks.evidence_tasks: 63b1eb1a39194d82271ec937fba19714
    evidence_tasks.overview: 3b878279a04dc47d60932cb294d96259
    risk.risks: 2bb550bd7d03efff73cd7152d6092af1
    risk.overview: 3b878279a04dc47d60932cb294d96259
    risk.create: 6b6a9ddf03b83e9b55d753debff485cc
    risk.vendor.title: 97f6291ea1000272b34fdfaeb3a9e2d2
    risk.vendor.dashboard.title: 4331630c8206f1f5f5b2d26133997482
    risk.vendor.dashboard.overview: 003dd1a6f6efb2ac33fa8519c89dedcc
    risk.vendor.dashboard.vendor_status: 17029fbe5ad4d2af5feaf37bb4604225
    risk.vendor.dashboard.vendor_category: 273bcc0a45ba3b2256086f10966dfb99
    risk.vendor.dashboard.vendors_by_assignee: efbb5ed45de13ae274678ea91b656d08
    risk.vendor.dashboard.inherent_risk_description: f65c38062d37923bfd4850e78e25772a
    risk.vendor.dashboard.residual_risk_description: 7e1b11b661aa2704e378dd1ca7f33757
    risk.vendor.register.title: 122b14e8fa33bc9d4f389700439dfc71
    risk.vendor.register.table.name: 49ee3087348e8d44e1feda1917443987
    risk.vendor.register.table.category: 3adbdb3ac060038aa0e6e6c138ef9873
    risk.vendor.register.table.status: ec53a8c4f07baed5d8825072c89799be
    risk.vendor.register.table.owner: b6f4a2ec6356bbd56d49f2096bf9d3d3
    risk.vendor.assessment.title: 379e6cfc424d72e4c96726872918ec6a
    risk.vendor.assessment.update_success: 7e0e4867356e95f04e471be06bb8de88
    risk.vendor.assessment.update_error: 2acd20fb7755340657e45ca0a5dd57cf
    risk.vendor.assessment.inherent_risk: 40fff66e1ace971207ed5d211ae7e9f9
    risk.vendor.assessment.residual_risk: 198743176f93dea0b5a5ba6cb7b8fff0
    risk.vendor.form.vendor_details: c594485dedf99a5bbae0ce0b1e08c57a
    risk.vendor.form.vendor_name: 49ee3087348e8d44e1feda1917443987
    risk.vendor.form.vendor_name_placeholder: 76d22a64aa21a6f1fe356624bb42487e
    risk.vendor.form.vendor_website: 15bbb9d0bbf25e8d2978de1168c749dc
    risk.vendor.form.vendor_website_placeholder: 0edbf3ae0d36cb35fdae8df56396e8f0
    risk.vendor.form.vendor_description: b5a7adde1af5c87d7fd797b6245c2a39
    risk.vendor.form.vendor_description_placeholder: edd59fcb97919e8a914f29d1b8c94a84
    risk.vendor.form.vendor_category: 3adbdb3ac060038aa0e6e6c138ef9873
    risk.vendor.form.vendor_category_placeholder: 03368e3c1eb4d2a9048775874301b19f
    risk.vendor.form.vendor_status: ec53a8c4f07baed5d8825072c89799be
    risk.vendor.form.vendor_status_placeholder: 9aadb017cc5b335be77ba090d5029259
    risk.vendor.form.create_vendor_success: 86783216c2055e4b01d9a6d920e418c7
    risk.vendor.form.create_vendor_error: ca4cedd93fdb023d6f9748dd3b66b456
    risk.vendor.form.update_vendor: 13002cf3244d871685ebac44761efa0f
    risk.vendor.form.update_vendor_success: eaedfa5b3ca431e1ca8900a8f0d5c924
    risk.vendor.form.update_vendor_error: 92b965a71c44a134e2eae6d71493e4d9
    risk.vendor.form.add_comment: a508cd6ee07b35ea8efdf98d6520ce83
    risk.vendor.table.name: 49ee3087348e8d44e1feda1917443987
    risk.vendor.table.category: 3adbdb3ac060038aa0e6e6c138ef9873
    risk.vendor.table.status: ec53a8c4f07baed5d8825072c89799be
    risk.vendor.table.owner: b6f4a2ec6356bbd56d49f2096bf9d3d3
    risk.vendor.filters.search_placeholder: f40df41fdaa46e2d0503adf12a9304fe
    risk.vendor.filters.status_placeholder: 5dd5cd6670a0fc8e47a47aa94d27b8b2
    risk.vendor.filters.category_placeholder: 42d00bc24fd43cfe3e2e30d01f39ee95
    risk.vendor.filters.owner_placeholder: 2cf13cb9c60a98dee6767692b12e9c2e
    risk.vendor.empty_states.no_vendors.title: 69c843f9cf71049dacacff0c48edb7b2
    risk.vendor.empty_states.no_vendors.description: 955707a384c1cfc46fafbdebc508f9e0
    risk.vendor.empty_states.no_results.title: e576c23d915755d83e2d1f47bd9f6c22
    risk.vendor.empty_states.no_results.description: d7fd5c52726c5016a59fb01e74069441
    risk.vendor.empty_states.no_results.description_with_filters: 2b70f835ed5a08e817ec9388ce25b41a
    risk.vendor.actions.create: ef1c7d5e555d7fe288bf0bf16b88723d
    risk.vendor.status.not_assessed: 1a261b378451a287de3a8fbbb6f2a376
    risk.vendor.status.in_progress: c9413dd7682a45da9ecc9efa8cea47d7
    risk.vendor.status.assessed: 2c051fa737a0d6c7274f4508448b7f8a
    risk.vendor.category.cloud: c8e2277ecfb1427838c488c217f99466
    risk.vendor.category.infrastructure: cba4f4cee5c6a3e6d8be8da68fa1234e
    risk.vendor.category.software_as_a_service: 68c0c53c6a8ab47f4b611dbf1c347a26
    risk.vendor.category.finance: c482980d384a9d0e7bc39e1140270870
    risk.vendor.category.marketing: 7cb15e416d62919b1b40298324fbe30b
    risk.vendor.category.sales: 11ff9f68afb6b8b5b8eda218d7c83a65
    risk.vendor.category.hr: fd4c638da5f85d025963f99fe90b1b1a
    risk.vendor.category.other: 6311ae17c1ee52b36e68aaf4ad066387
    risk.vendor.risk_level.low: 36b15248f0ecaeea29717628a3b3e7f2
    risk.vendor.risk_level.medium: 286e8fc384ea1215440694f1cf95bd7e
    risk.vendor.risk_level.high: d0bf2dd713c128a9624bf27e78f9b1bf
    risk.vendor.risk_level.unknown: 64abc18d6248f7d5c9108d85ba99973f
    risk.dashboard.title: 2938c7f7e560ed972f8a4f68e80ff834
    risk.dashboard.overview: 5226ebb7d548f2d3a8f8c4fd08851405
    risk.dashboard.risk_status: 6ce5e6fa832289748023cb773a4e89ac
    risk.dashboard.risks_by_department: 0ef508d7e840bc5f85547c3b25e5d87b
    risk.dashboard.risks_by_assignee: cb5989d54b044bb7ac403f59accf646d
    risk.dashboard.inherent_risk_description: ff9969a313721960f2d98b6071aca3a1
    risk.dashboard.residual_risk_description: 40b92149c54944ed7667b005323e0895
    risk.dashboard.risk_assessment_description: 2d0b6c77a79f103f6f59828736fb1e96
    risk.register.title: e4c28136d96146bd5fe9dfe41214138c
    risk.register.table.risk: 59ca88f7b0e80cdd9af330af600a9ff6
    risk.register.empty.no_risks.title: 88e49457bb65cb2668438d440241db25
    risk.register.empty.no_risks.description: 48d82a045e2fff17332ecc2afe4640d1
    risk.register.empty.create_risk: cafd0f4e8384c5e8b08fd1f540bd7b08
    risk.metrics.probability: 0d2765b30694ee9f4fb7be2ae3b676dc
    risk.metrics.impact: 21f59b54f62b5b8b4bc0f63f0f617fc1
    risk.metrics.inherentRisk: 40fff66e1ace971207ed5d211ae7e9f9
    risk.metrics.residualRisk: 198743176f93dea0b5a5ba6cb7b8fff0
    risk.form.update_inherent_risk: 429cfe3a626ff1546f0291384780f826
    risk.form.update_inherent_risk_description: 6e35a54a2971a2108469031648596a1f
    risk.form.update_inherent_risk_success: 5bf2942775436e5203ad3f5e11247185
    risk.form.update_inherent_risk_error: f24841f76eb36a71bb66e9431d1b4496
    risk.form.update_residual_risk: 7bc6f7d936bc18bf40d2361718fd4ad5
    risk.form.update_residual_risk_description: d2e349ee6d505701af81f69983764902
    risk.form.update_residual_risk_success: 9abe72c076c990ac1c7c513c053a76fa
    risk.form.update_residual_risk_error: d056fe9d4c50e4b7fb8545878ac36b64
    risk.form.update_risk: 20bb7dfcf3decfb169ccdf2fc3037291
    risk.form.update_risk_description: 939b7343ed50268fd114fc45345049ee
    risk.form.update_risk_success: 8c1fc320855e2a76900366b2c44d2a7c
    risk.form.update_risk_error: abbcd9315b9cbee5f4e37ed651ed2071
    risk.form.create_risk_success: 91afb68c74fa3daeebe8c65152fac342
    risk.form.create_risk_error: ecbac6979e7564b73de49bc3b8f1c71c
    risk.form.risk_details: b5a89d075e89aa7a49144fb394dbe1d7
    risk.form.risk_title: fbb8bdf45e37c67e0bcabb393add46e7
    risk.form.risk_title_description: 85e53a8fb7c2e11ed45b1cdf01827076
    risk.form.risk_description: b5a7adde1af5c87d7fd797b6245c2a39
    risk.form.risk_description_description: 4457cc98b1d6fb1d0e2e6f0a0c404f68
    risk.form.risk_category: 3adbdb3ac060038aa0e6e6c138ef9873
    risk.form.risk_category_placeholder: b02d8b2c78dfd6cc791eff6f283e5008
    risk.form.risk_department: 1d17cb9923b99f823da9f5a16dc460e5
    risk.form.risk_department_placeholder: aa4fd23252b4fcf84f40febb6271bf2b
    risk.form.risk_status: 6ce5e6fa832289748023cb773a4e89ac
    risk.form.risk_status_placeholder: 41603a077f54030ebfe0926f2ee782c3
    risk.tasks.title: ef615563c8e8ea902c7fcac3cd2c4246
    risk.tasks.attachments: 7e2708aeb65763c54052f57ed1a1ec1d
    risk.tasks.overview: d5a893e5bfa69efefb2667f8e7ec600c
    risk.tasks.form.title: 05bf73cee83e93c631eccfb54f0d6304
    risk.tasks.form.task_title: d6ee55f593f922b08897bdd0020dd78f
    risk.tasks.form.status: 645fb7e7e0bc0db4a20436c963c683fd
    risk.tasks.form.status_placeholder: 05d6a5fa8867274c634566a369458146
    risk.tasks.form.task_title_description: 45c40777dc0603af4d002116049368ad
    risk.tasks.form.description: b5a7adde1af5c87d7fd797b6245c2a39
    risk.tasks.form.description_description: 87cb996e412747e69717e3a1860f6dbb
    risk.tasks.form.due_date: 14c841eea7774b78caf79c58989f9625
    risk.tasks.form.due_date_description: 6efb5fa44843e643968f87ef4585684a
    risk.tasks.form.success: 50b6488825a184919fe9b3e1bfd07855
    risk.tasks.form.error: 4916b05ad49d023cfe9a7194ddd45aa2
    risk.tasks.sheet.title: a5a65f03604c8c15dfec7e7a2e645e4f
    risk.tasks.sheet.update: 4986b7d86bc9802a74158895b131d84d
    risk.tasks.sheet.update_description: 78765e8e89a67c813e41dfb5c8040a2a
    risk.tasks.empty.description_create: cdce579691e73a04fd291956adab6ff0
    people.title: 78386ec8f2845742c324a3d7d3e800ff
    people.details.taskProgress: c4e5276dbb142e8e0811592b7c343a8a
    people.details.tasks: ef615563c8e8ea902c7fcac3cd2c4246
    people.details.noTasks: 8d86e70a97e8d6620e2600ff76e9a8cd
    people.description: 96776a8dfd58b0473be8691ff978988e
    people.filters.search: e21faaa1f7ea9e5fcec30dd028642cdb
    people.filters.role: 4a49167c423fab80b22db2b551813a81
    people.actions.invite: 3aa4cd2c53d3d24b465398053e12fe65
    people.actions.clear: 0b275442d6556cff30b75f37f1918899
    people.table.name: 49ee3087348e8d44e1feda1917443987
    people.table.email: ce8ae9da5b7cd6c3df2929543a9af92d
    people.table.department: 1d17cb9923b99f823da9f5a16dc460e5
    people.table.externalId: 01ddb49044c161b11fdb0c41adbeb3b3
    people.empty.no_employees.title: 9047cc33a16248133c3fcc8884523588
    people.empty.no_employees.description: 3fdb36a3d56c06043da562aaa1045825
    people.empty.no_results.title: e576c23d915755d83e2d1f47bd9f6c22
    people.empty.no_results.description: 1d614d90a39e5c90a5bf83674fb0980d
    people.empty.no_results.description_with_filters: 2b70f835ed5a08e817ec9388ce25b41a
    people.invite.title: 3aa4cd2c53d3d24b465398053e12fe65
    people.invite.description: b7b0d6a1bbef42464b89835c1c6d367b
    people.invite.email.label: b357b524e740bc85b9790a0712d84a30
    people.invite.email.placeholder: 0a7e62bed14b39cf005db653e04fb3b3
    people.invite.role.label: bbbabdbe1b262f75d99d62880b953be1
    people.invite.role.placeholder: 426f18770bd593d4e85931b6fef5cf56
    people.invite.name.label: 49ee3087348e8d44e1feda1917443987
    people.invite.name.placeholder: eae6805dee70fead7144e4fdaf9b9471
    people.invite.department.label: 1d17cb9923b99f823da9f5a16dc460e5
    people.invite.department.placeholder: aa4fd23252b4fcf84f40febb6271bf2b
    people.invite.submit: 3aa4cd2c53d3d24b465398053e12fe65
    people.invite.success: 9620d1961c98d460afe48b485c836033
    people.invite.error: a4a5d2d9cd70396725b34f2757379aff
    settings.general.title: 0db377921f4ce762c62526131097968f
    settings.general.org_name: 9f6806ada2d5069898dd5d21ca6529cd
    settings.general.org_name_description: c4e6879ed601093e1765258d46270ade
    settings.general.org_name_tip: 1d9872bc27d142b25b907943cf7a0675
    settings.general.org_website: fc36c9211c6e2088a76bb7c4c5e3ffee
    settings.general.org_website_description: b99e37801c801b4a6f7c82bcc05158a2
    settings.general.org_website_tip: 9839d1a96cb18af1d415f76a8aa1f56c
    settings.general.org_website_error: 444aae2b5756dff2412b2a7eadbf62a5
    settings.general.org_website_updated: eaaf13b5d0b8680315683487f71cc053
    settings.general.org_delete: 8916172ef3da57c94296f890820fd4aa
    settings.general.org_delete_description: 8888950d2f51db34e5b0299af732080d
    settings.general.org_delete_alert_title: 99b418f62bde2c0a85d1e388ac803677
    settings.general.org_delete_alert_description: b2fda5ff2334ffcd564699dcd274464b
    settings.general.org_delete_error: 862f9ed0b86c0c0355a0c29a5e0f200f
    settings.general.org_delete_success: c090f60c6934cebd137360f64176b815
    settings.general.org_name_updated: 2f1bea8cdf76a2b06fc1f5ff1c6b29bf
    settings.general.org_name_error: 6f1f02ee0fe9102a388eb2f922b23b1b
    settings.general.save_button: c9cc8cce247e49bae79f15173ce97354
    settings.general.delete_button: f2a6c498fb90ee345d997f888fce3b18
    settings.general.delete_confirm: 32f68a60cef40faedbc6af20298c1a1e
    settings.general.delete_confirm_tip: 97e957e2354c8329aa437ed16be68eef
    settings.general.cancel_button: ea4788705e6873b424c65e91c2846b19
    settings.members.title: ef53538ae41a651c7f72ab6cb1135d8c
    settings.api_keys.title: b4717f6ab3c2357c13c0c2cd32dfc4ca
    settings.api_keys.description: a73bc7101920a4a2a821a6640ae95fc5
    settings.api_keys.list_title: b4717f6ab3c2357c13c0c2cd32dfc4ca
    settings.api_keys.list_description: 43aeedd6a4d60ad7a7c81cd81386e63e
    settings.api_keys.create: 35cd846f199e312c7fc78d231c4152c5
    settings.api_keys.create_title: 35cd846f199e312c7fc78d231c4152c5
    settings.api_keys.create_description: b4e48d0aee029d3a32fb5ca5e2e82a3a
    settings.api_keys.created_title: 46906edf876a3f62534fe9dd55b42e80
    settings.api_keys.created_description: 445e205d7cc8d54e322b0b1270060b31
    settings.api_keys.name: 49ee3087348e8d44e1feda1917443987
    settings.api_keys.name_label: 49ee3087348e8d44e1feda1917443987
    settings.api_keys.name_placeholder: 08280d19b14f9f2f93f631f14339faec
    settings.api_keys.expiration: d30fd576bd308f6facc9343ebd031b8e
    settings.api_keys.expiration_placeholder: a3cd16ee0d64b456fe67ea56201ac0a1
    settings.api_keys.expires_label: cfc36842a01da69c484ffdcc6782f437
    settings.api_keys.expires_placeholder: a3cd16ee0d64b456fe67ea56201ac0a1
    settings.api_keys.expires_30days: 947d8520f04473da621f2718138f3bc6
    settings.api_keys.expires_90days: ed0c9b5fb2f44a77915d0ce45d0c501c
    settings.api_keys.expires_1year: ca4c73c1f333c437a47c58afd0623530
    settings.api_keys.expires_never: 6e7b34fa59e1bd229b207892956dc41c
    settings.api_keys.thirty_days: 947d8520f04473da621f2718138f3bc6
    settings.api_keys.ninety_days: ed0c9b5fb2f44a77915d0ce45d0c501c
    settings.api_keys.one_year: ca4c73c1f333c437a47c58afd0623530
    settings.api_keys.your_key: df450f0d7d14608dfd9c93b45e05a5db
    settings.api_keys.api_key: d876ff8da67c3731ae25d8335a4168b4
    settings.api_keys.save_warning: 5e7347709aff7059dcbeaf7cd614d24a
    settings.api_keys.copied: 62a2f11192b5dfcff44b7d0b4953dcdf
    settings.api_keys.close_confirm: c845770ff7a61dcedeedbd05934319d5
    settings.api_keys.revoke_confirm: c4cc0ad8b9b76fb0e1a81b3c7f9f438e
    settings.api_keys.revoke_title: d5f76995f7a0856da6776f4947c44ad8
    settings.api_keys.revoke: 21313f76b111bc0df501bf89fc96ba46
    settings.api_keys.created: 0eceeb45861f9585dd7a97a3e36f85c6
    settings.api_keys.expires: cfc36842a01da69c484ffdcc6782f437
    settings.api_keys.last_used: 3b76a1f6eacb8549628a549d808ef9d9
    settings.api_keys.actions: 06df33001c1d7187fdd81ea1f5b277aa
    settings.api_keys.never: 6e7b34fa59e1bd229b207892956dc41c
    settings.api_keys.never_used: 59c73af4d807a1dab868f1c65b83db57
    settings.api_keys.no_keys: 939f147b56110a35a041bc72bff5379f
    settings.api_keys.security_note: aabfa355e4937f843febe97ca0365b19
    settings.api_keys.fetch_error: 0c51948a1c6264a813f6a45c01d1791d
    settings.api_keys.create_error: 694f468276bfc08b290150a6c945f936
    settings.api_keys.revoked_success: 883ce66d572b9f1317370578a0852bc1
    settings.api_keys.revoked_error: cea5338af704d2fb6ec7cf7fbfbd3b1a
    settings.api_keys.done: f92965e2c8a7afb3c1b9a5c09a263636
    settings.billing.title: 780c462e85ba4399a5d42e88f69a15ca
    tests.name: 107f3983ed2f362df6195c163001fe7b
    tests.title: 107f3983ed2f362df6195c163001fe7b
    tests.actions.create: 348a2d59fd6abf9c9ba4e1ce664f6fc5
    tests.actions.clear: 0b275442d6556cff30b75f37f1918899
    tests.actions.refresh: 63a6a88c066880c5ac42394a22803ca6
    tests.empty.no_tests.title: 32aca943b703843c5449d5ebb8f82845
    tests.empty.no_tests.description: b96a1b141b00cb3def88e4b16db515aa
    tests.empty.no_results.title: e576c23d915755d83e2d1f47bd9f6c22
    tests.empty.no_results.description: 5da0e642cba804156894b71bf658d9a2
    tests.empty.no_results.description_with_filters: 2b70f835ed5a08e817ec9388ce25b41a
    tests.filters.search: ca55cc711b6e95604114b7ffdceb1e0e
    tests.filters.role: fe488cfbecfce1ba6ef7dda55e893b97
    tests.register.title: 348a2d59fd6abf9c9ba4e1ce664f6fc5
    tests.register.description: 243d854430dae18b18e891b722bd0baf
    tests.register.submit: c2c007afa9a53bf9d8074954247a01e3
    tests.register.success: 10f2c6e0b8f85fe932302e8df155abba
    tests.register.invalid_json: 7d7d080d041e180f8742b65d0df57224
    tests.register.title_field.label: cc12f4fcabfb7564ef721f04a37bae6f
    tests.register.title_field.placeholder: 8978c8715f7381e3007038001f13f3cd
    tests.register.description_field.label: b5a7adde1af5c87d7fd797b6245c2a39
    tests.register.description_field.placeholder: 8c04a8ab1664bdfb55cfc54d6f6c8a96
    tests.register.provider.label: d8613296184195d6eec8552a09204d36
    tests.register.provider.placeholder: 1ae27ac8ad91f0165c176c34dd34e81c
    tests.register.config.label: 540caa299a719ee320cf416ffae7adca
    tests.register.config.placeholder: cf8ec1376b10fe5a13fa36ebdcd497a7
    tests.register.auth_config.label: 91f9d6a6e1f585d434d13e9f581d347b
    tests.register.auth_config.placeholder: 6909c5abd5f0a9e9a96b4a0233722cd4
    tests.table.title: b78a3223503896721cca1303f776159b
    tests.table.provider: 27703c8f150ac4bb0a3a83a7857353af
    tests.table.status: ec53a8c4f07baed5d8825072c89799be
    tests.table.severity: 007cc9547ae8884ad597cd92ba505422
    tests.table.result: 8eea62084ca7e541d918e823422bd82e
    tests.table.createdAt: 6e9a375edaa0f55f2b86e1f415a33172
    tests.table.assignedUser: 28a7de43bb5297bf6122425d52210f93
    tests.table.assignedUserEmpty: f5dcfb95878279f84cc6bf4de3090dbb
    tests.table.no_results: e576c23d915755d83e2d1f47bd9f6c22
    user_menu.theme: d721757161f7f70c5b0949fdb6ec2c30
    user_menu.language: 4994a8ffeba4ac3140beb89e8d41f174
    user_menu.sign_out: c87aacf5673fada1108c9f809d354311
    user_menu.account: 08bd40c7543007ad06e4fce31618f6ec
    user_menu.support: db5eb84117d06047c97c9a0191b5fffe
    user_menu.settings: f4f70727dc34561dfde1a3c529b6205c
    user_menu.teams: 1fe1b6cf4f52930c301b03e5a69c42c2
    frameworks.title: 04fb5df59766a9852e5dd2d0430ca27e
    frameworks.overview.error: 4b391acbc8dd7f27c6b1a3a7424ca32b
    frameworks.overview.loading: 5419fcb0c4ef464156ab6a3ddb84a1b2
    frameworks.overview.empty.title: 52dfa6681993843928351cd9c5276ce0
    frameworks.overview.empty.description: 12c6ccdede82f3bac2b486157ab5c98b
    frameworks.overview.progress.title: 9c53d5a3379ee2c9bc7c1c55f54724b9
    frameworks.overview.progress.empty.title: d58046b18909d6337ef6fa050b44f690
    frameworks.overview.progress.empty.description: 6d27f139ab529d4ef3311f719a5e7c83
    frameworks.overview.progress.empty.action: 1eb71b6f13a7af1f1c88fded44717525
    frameworks.overview.grid.welcome.title: 54efd9605180a9a74e6d1a53529f858e
    frameworks.overview.grid.welcome.description: 6d8ed4e08e874457c002a9db2075c813
    frameworks.overview.grid.welcome.action: e0c4332e8c13be976552a059f106354f
    frameworks.overview.grid.title: 55ffb038f3a6c5b740ec2b5ec6dd1733
    frameworks.overview.grid.version: 34b6cd75171affba6957e308dcbd92be
    frameworks.overview.grid.actions.clear: dc30bc0c7914db5918da4263fce93ad2
    frameworks.overview.grid.actions.confirm: f1e36ba5764b8ddcf6064d977f0482bb
    frameworks.controls.title: 24b6472fcfa59cddd3f7bbc326582b5f
    frameworks.controls.description: de7fdb6cf858368e9e60bb991149b912
    frameworks.controls.table.status: ec53a8c4f07baed5d8825072c89799be
    frameworks.controls.table.control: a1595abbb4c3a326636dd178757cd6c1
    frameworks.controls.table.artifacts: 08004d9d4c599f44814a861568d200cb
    frameworks.controls.table.actions: 06df33001c1d7187fdd81ea1f5b277aa
    frameworks.controls.statuses.completed: 07ca5050e697392c9ed47e6453f1453f
    frameworks.controls.statuses.in_progress: c9413dd7682a45da9ecc9efa8cea47d7
    frameworks.controls.statuses.not_started: 10db56f8b10dc989c43fbe33202e5339
    vendor.title: 2938c7f7e560ed972f8a4f68e80ff834
    vendor.register_title: 97f6291ea1000272b34fdfaeb3a9e2d2
    vendor.dashboard.title: 2938c7f7e560ed972f8a4f68e80ff834
    vendor.dashboard.overview: 003dd1a6f6efb2ac33fa8519c89dedcc
    vendor.dashboard.vendor_status: 17029fbe5ad4d2af5feaf37bb4604225
    vendor.dashboard.vendor_category: 273bcc0a45ba3b2256086f10966dfb99
    vendor.dashboard.vendors_by_assignee: efbb5ed45de13ae274678ea91b656d08
    vendor.dashboard.inherent_risk_description: f65c38062d37923bfd4850e78e25772a
    vendor.dashboard.residual_risk_description: 7e1b11b661aa2704e378dd1ca7f33757
    vendor.register.title: 122b14e8fa33bc9d4f389700439dfc71
    vendor.register.table.name: 49ee3087348e8d44e1feda1917443987
    vendor.register.table.category: 3adbdb3ac060038aa0e6e6c138ef9873
    vendor.register.table.status: ec53a8c4f07baed5d8825072c89799be
    vendor.register.table.owner: b6f4a2ec6356bbd56d49f2096bf9d3d3
    vendor.category.cloud: c8e2277ecfb1427838c488c217f99466
    vendor.category.infrastructure: cba4f4cee5c6a3e6d8be8da68fa1234e
    vendor.category.software_as_a_service: b0ca9e41d61885345eef09f928c9ea58
    vendor.category.finance: c482980d384a9d0e7bc39e1140270870
    vendor.category.marketing: 7cb15e416d62919b1b40298324fbe30b
    vendor.category.sales: 11ff9f68afb6b8b5b8eda218d7c83a65
    vendor.category.hr: fd4c638da5f85d025963f99fe90b1b1a
    vendor.category.other: 6311ae17c1ee52b36e68aaf4ad066387
    vendor.vendors: 2bc28e228525b75e14c07dbc14850c34
    vendor.form.vendor_details: c594485dedf99a5bbae0ce0b1e08c57a
    vendor.form.vendor_name: 49ee3087348e8d44e1feda1917443987
    vendor.form.vendor_name_placeholder: 76d22a64aa21a6f1fe356624bb42487e
    vendor.form.vendor_website: 15bbb9d0bbf25e8d2978de1168c749dc
    vendor.form.vendor_website_placeholder: 0edbf3ae0d36cb35fdae8df56396e8f0
    vendor.form.vendor_description: b5a7adde1af5c87d7fd797b6245c2a39
    vendor.form.vendor_description_placeholder: edd59fcb97919e8a914f29d1b8c94a84
    vendor.form.vendor_category: 3adbdb3ac060038aa0e6e6c138ef9873
    vendor.form.vendor_category_placeholder: 03368e3c1eb4d2a9048775874301b19f
    vendor.form.vendor_status: ec53a8c4f07baed5d8825072c89799be
    vendor.form.vendor_status_placeholder: 9aadb017cc5b335be77ba090d5029259
    vendor.form.create_vendor_success: 86783216c2055e4b01d9a6d920e418c7
    vendor.form.create_vendor_error: ca4cedd93fdb023d6f9748dd3b66b456
    vendor.form.update_vendor_success: eaedfa5b3ca431e1ca8900a8f0d5c924
    vendor.form.update_vendor_error: 92b965a71c44a134e2eae6d71493e4d9
    vendor.form.contacts: be184fa710244f6c783e6eb68fd427d7
    vendor.form.contact_name: 7cfd883d5d55fccfcfb13b3fcf29e3a6
    vendor.form.contact_email: 3c2292f30e636ecf522743c3fa73749d
    vendor.form.contact_role: ccde9b292717d5a0133304d27acfa669
    vendor.form.add_contact: 4e58c159d031b956f9ee227f87df3fcf
    vendor.form.new_contact: 636c575a94e9a0c957277e432fb1d49b
    vendor.form.min_one_contact_required: 92b341dc8c72591d66252794dfb00f48
    vendor.empty_states.no_vendors.title: 69c843f9cf71049dacacff0c48edb7b2
    vendor.empty_states.no_vendors.description: 955707a384c1cfc46fafbdebc508f9e0
    vendor.empty_states.no_results.title: e576c23d915755d83e2d1f47bd9f6c22
    vendor.empty_states.no_results.description: d7fd5c52726c5016a59fb01e74069441
    vendor.empty_states.no_results.description_with_filters: 2b70f835ed5a08e817ec9388ce25b41a
    errors.unexpected: 325a357f60b95f37fec18b15cb39fbb0
    editor.ai.thinking: aba464039b337eb2e75c2520039de58f
    editor.ai.thinking_spinner: aba464039b337eb2e75c2520039de58f
    editor.ai.edit_or_generate: 7d46fd8c65c35acb13973849b035cc53
    editor.ai.tell_ai_what_to_do_next: 44de6614358c04f76015a3c9646b3f8f
    editor.ai.request_limit_reached: 73b31a4d9ba135f8ef97768899c18836
    editor.ai_selector.improve: 92769395d4986d32c599e0eff5824cb3
    editor.ai_selector.fix: a71ef487bc9bac7c65fd3ff8a7b4fe0d
    editor.ai_selector.shorter: 73c9649c6a97008d3ae6880e8350b334
    editor.ai_selector.longer: e0737d9beb7fa3a5541f275b76139d86
    editor.ai_selector.continue: 29f3b5417ce466da5ac5720ce6e28d4f
    editor.ai_selector.replace: 05fdc089c4c320832588a69475ff5e79
    editor.ai_selector.insert: 3005820694a4944d91c4c4e8b8a016d3
    editor.ai_selector.discard: d94b42030b9785fd754d5c1754961269
    evidence.title: c7b2a4d55fbea4d044644cf5b2b45d29
    evidence.list: ed2c6e00de11f3eb621cd348bb8f5806
    evidence.overview: 376eeb70e956ecef2611d88a28269c5b
    evidence.edit: 25f314af9636c15fee70586fda83e696
    evidence.dashboard.layout: 2938c7f7e560ed972f8a4f68e80ff834
    evidence.dashboard.layout_back_button: 0557fa923dcee4d0f86b1409f5c2167f
    evidence.dashboard.title: 7d19de8ddf0362f6be1af76f0c02b0ad
    evidence.dashboard.by_department: 553fa2baad73c2ec6b8d971c56a9a7d7
    evidence.dashboard.by_assignee: e2653e1b505990acb762b672b67225ec
    evidence.dashboard.by_framework: fc4ded0c76857f808b406cf1f3a3f004
    evidence.items: 691d502cfd0e0626cd3b058e5682ad1c
    evidence.status.up_to_date: e519a1ecd0afa6828cea3c07f7d09b4a
    evidence.status.needs_review: 994f197b212a0f4dc844cc3534e889c2
    evidence.status.draft: f03ab16cd58372c77ba45a3d9a5a1cb9
    evidence.status.empty: ce2c8aed9c2fa0cfbed56cbda4d8bf07
    evidence.departments.none: 0d015d96f63a8c12d96b8399482b593f
    evidence.departments.admin: 7258e7251413465e0a3eb58094430bde
    evidence.departments.gov: 5a935787d6f091fc760443ab4c491465
    evidence.departments.hr: d19092ef5301d9548911f87a817f8c44
    evidence.departments.it: 73595e157019f972a82f2fea61332a73
    evidence.departments.itsm: 1856585762a862d699c7538b61d6fa8b
    evidence.departments.qms: 3b88c0772d938028236e5098c096b2d5
    evidence.details.review_section: 659514b42799e5982d28793d9e003ae3
    evidence.details.content: 393ae95538cd395eb8d1f7521f652b10
